
Microsoft Visual Studio Solution File, Format Version 12.00
# Visual Studio Version 17
VisualStudioVersion = 17.5.33424.131
MinimumVisualStudioVersion = 10.0.40219.1
Project("{2150E333-8FDC-42A3-9474-1A3956D46DE8}") = "SERVER", "SERVER", "{CC9D8F69-B954-4993-8F6A-7A95CA7B1FF7}"
EndProject
Project("{2150E333-8FDC-42A3-9474-1A3956D46DE8}") = "LIB", "LIB", "{892860C6-4AD0-4D3D-8DE5-0F2CC17A3CBB}"
EndProject
Project("{9A19103F-16F7-4668-BE54-9A1E7A4F7556}") = "Smart.Kh2Ems.EF.Core", "LIB\Smart.Kh2Ems.EF.Core\Smart.Kh2Ems.EF.Core.csproj", "{643C43E5-4FEF-435E-8045-F276558F8603}"
EndProject
Project("{9A19103F-16F7-4668-BE54-9A1E7A4F7556}") = "Smart.Kh2Ems.Infrastructure", "LIB\Smart.Kh2Ems.Infrastructure\Smart.Kh2Ems.Infrastructure.csproj", "{D32BD3E3-D7B3-41B2-A302-F1891BE49485}"
EndProject
Project("{9A19103F-16F7-4668-BE54-9A1E7A4F7556}") = "ApiServer", "SERVER\ApiServer\ApiServer.csproj", "{05C4D582-7ED9-4EFE-90D7-C9765EFB3D81}"
EndProject
Project("{9A19103F-16F7-4668-BE54-9A1E7A4F7556}") = "Kh2Host", "SERVER\Kh2Host\Kh2Host.csproj", "{99EE658E-4A4D-4663-9A42-1CE790AA73BE}"
EndProject
Project("{9A19103F-16F7-4668-BE54-9A1E7A4F7556}") = "Kh2Historian", "SERVER\Kh2Historian\Kh2Historian.csproj", "{24AFAE96-9A00-4A56-A4D6-BE58ACD74986}"
EndProject
Project("{9A19103F-16F7-4668-BE54-9A1E7A4F7556}") = "Smart.Kh2Ems.Log.EF.Core", "LIB\Smart.Kh2Ems.Log.EF.Core\Smart.Kh2Ems.Log.EF.Core.csproj", "{D841EB4C-0788-4C14-BA25-FCB6E60DFC67}"
EndProject
Project("{9A19103F-16F7-4668-BE54-9A1E7A4F7556}") = "Kh2RealMaker", "SERVER\Kh2RealMaker\Kh2RealMaker.csproj", "{EC63E99D-A285-4460-B23B-9F6C662BB4F5}"
EndProject
Project("{9A19103F-16F7-4668-BE54-9A1E7A4F7556}") = "Kh2Agent", "SERVER\Kh2Agent\Kh2Agent.csproj", "{486F4A73-699D-4FED-BC76-23F5F2BCF3BA}"
EndProject
Project("{2150E333-8FDC-42A3-9474-1A3956D46DE8}") = "TEST", "TEST", "{EF725A9B-FF8D-4939-97F9-45A07E50E6DC}"
EndProject
Project("{9A19103F-16F7-4668-BE54-9A1E7A4F7556}") = "Kh2Calculation", "TEST\Kh2Calculation\Kh2Calculation.csproj", "{986FCD72-213F-4403-AE83-4ABC45825606}"
EndProject
Project("{FAE04EC0-301F-11D3-BF4B-00C04F79EFBC}") = "Kh2LogSender", "TEST\Kh2LogSender\Kh2LogSender.csproj", "{56966867-9B49-46D5-81C1-4FC8D924A5FE}"
EndProject
Global
	GlobalSection(SolutionConfigurationPlatforms) = preSolution
		Debug|Any CPU = Debug|Any CPU
		Release|Any CPU = Release|Any CPU
	EndGlobalSection
	GlobalSection(ProjectConfigurationPlatforms) = postSolution
		{643C43E5-4FEF-435E-8045-F276558F8603}.Debug|Any CPU.ActiveCfg = Debug|Any CPU
		{643C43E5-4FEF-435E-8045-F276558F8603}.Debug|Any CPU.Build.0 = Debug|Any CPU
		{643C43E5-4FEF-435E-8045-F276558F8603}.Release|Any CPU.ActiveCfg = Release|Any CPU
		{643C43E5-4FEF-435E-8045-F276558F8603}.Release|Any CPU.Build.0 = Release|Any CPU
		{D32BD3E3-D7B3-41B2-A302-F1891BE49485}.Debug|Any CPU.ActiveCfg = Debug|Any CPU
		{D32BD3E3-D7B3-41B2-A302-F1891BE49485}.Debug|Any CPU.Build.0 = Debug|Any CPU
		{D32BD3E3-D7B3-41B2-A302-F1891BE49485}.Release|Any CPU.ActiveCfg = Release|Any CPU
		{D32BD3E3-D7B3-41B2-A302-F1891BE49485}.Release|Any CPU.Build.0 = Release|Any CPU
		{05C4D582-7ED9-4EFE-90D7-C9765EFB3D81}.Debug|Any CPU.ActiveCfg = Debug|Any CPU
		{05C4D582-7ED9-4EFE-90D7-C9765EFB3D81}.Debug|Any CPU.Build.0 = Debug|Any CPU
		{05C4D582-7ED9-4EFE-90D7-C9765EFB3D81}.Release|Any CPU.ActiveCfg = Release|Any CPU
		{05C4D582-7ED9-4EFE-90D7-C9765EFB3D81}.Release|Any CPU.Build.0 = Release|Any CPU
		{99EE658E-4A4D-4663-9A42-1CE790AA73BE}.Debug|Any CPU.ActiveCfg = Debug|Any CPU
		{99EE658E-4A4D-4663-9A42-1CE790AA73BE}.Debug|Any CPU.Build.0 = Debug|Any CPU
		{99EE658E-4A4D-4663-9A42-1CE790AA73BE}.Release|Any CPU.ActiveCfg = Release|Any CPU
		{99EE658E-4A4D-4663-9A42-1CE790AA73BE}.Release|Any CPU.Build.0 = Release|Any CPU
		{24AFAE96-9A00-4A56-A4D6-BE58ACD74986}.Debug|Any CPU.ActiveCfg = Debug|Any CPU
		{24AFAE96-9A00-4A56-A4D6-BE58ACD74986}.Debug|Any CPU.Build.0 = Debug|Any CPU
		{24AFAE96-9A00-4A56-A4D6-BE58ACD74986}.Release|Any CPU.ActiveCfg = Release|Any CPU
		{24AFAE96-9A00-4A56-A4D6-BE58ACD74986}.Release|Any CPU.Build.0 = Release|Any CPU
		{D841EB4C-0788-4C14-BA25-FCB6E60DFC67}.Debug|Any CPU.ActiveCfg = Debug|Any CPU
		{D841EB4C-0788-4C14-BA25-FCB6E60DFC67}.Debug|Any CPU.Build.0 = Debug|Any CPU
		{D841EB4C-0788-4C14-BA25-FCB6E60DFC67}.Release|Any CPU.ActiveCfg = Release|Any CPU
		{D841EB4C-0788-4C14-BA25-FCB6E60DFC67}.Release|Any CPU.Build.0 = Release|Any CPU
		{EC63E99D-A285-4460-B23B-9F6C662BB4F5}.Debug|Any CPU.ActiveCfg = Debug|Any CPU
		{EC63E99D-A285-4460-B23B-9F6C662BB4F5}.Debug|Any CPU.Build.0 = Debug|Any CPU
		{EC63E99D-A285-4460-B23B-9F6C662BB4F5}.Release|Any CPU.ActiveCfg = Release|Any CPU
		{EC63E99D-A285-4460-B23B-9F6C662BB4F5}.Release|Any CPU.Build.0 = Release|Any CPU
		{486F4A73-699D-4FED-BC76-23F5F2BCF3BA}.Debug|Any CPU.ActiveCfg = Debug|Any CPU
		{486F4A73-699D-4FED-BC76-23F5F2BCF3BA}.Debug|Any CPU.Build.0 = Debug|Any CPU
		{486F4A73-699D-4FED-BC76-23F5F2BCF3BA}.Release|Any CPU.ActiveCfg = Release|Any CPU
		{486F4A73-699D-4FED-BC76-23F5F2BCF3BA}.Release|Any CPU.Build.0 = Release|Any CPU
		{986FCD72-213F-4403-AE83-4ABC45825606}.Debug|Any CPU.ActiveCfg = Debug|Any CPU
		{986FCD72-213F-4403-AE83-4ABC45825606}.Debug|Any CPU.Build.0 = Debug|Any CPU
		{986FCD72-213F-4403-AE83-4ABC45825606}.Release|Any CPU.ActiveCfg = Release|Any CPU
		{986FCD72-213F-4403-AE83-4ABC45825606}.Release|Any CPU.Build.0 = Release|Any CPU
		{56966867-9B49-46D5-81C1-4FC8D924A5FE}.Debug|Any CPU.ActiveCfg = Debug|Any CPU
		{56966867-9B49-46D5-81C1-4FC8D924A5FE}.Debug|Any CPU.Build.0 = Debug|Any CPU
		{56966867-9B49-46D5-81C1-4FC8D924A5FE}.Release|Any CPU.ActiveCfg = Release|Any CPU
		{56966867-9B49-46D5-81C1-4FC8D924A5FE}.Release|Any CPU.Build.0 = Release|Any CPU
	EndGlobalSection
	GlobalSection(SolutionProperties) = preSolution
		HideSolutionNode = FALSE
	EndGlobalSection
	GlobalSection(NestedProjects) = preSolution
		{643C43E5-4FEF-435E-8045-F276558F8603} = {892860C6-4AD0-4D3D-8DE5-0F2CC17A3CBB}
		{D32BD3E3-D7B3-41B2-A302-F1891BE49485} = {892860C6-4AD0-4D3D-8DE5-0F2CC17A3CBB}
		{05C4D582-7ED9-4EFE-90D7-C9765EFB3D81} = {CC9D8F69-B954-4993-8F6A-7A95CA7B1FF7}
		{99EE658E-4A4D-4663-9A42-1CE790AA73BE} = {CC9D8F69-B954-4993-8F6A-7A95CA7B1FF7}
		{24AFAE96-9A00-4A56-A4D6-BE58ACD74986} = {CC9D8F69-B954-4993-8F6A-7A95CA7B1FF7}
		{D841EB4C-0788-4C14-BA25-FCB6E60DFC67} = {892860C6-4AD0-4D3D-8DE5-0F2CC17A3CBB}
		{EC63E99D-A285-4460-B23B-9F6C662BB4F5} = {CC9D8F69-B954-4993-8F6A-7A95CA7B1FF7}
		{486F4A73-699D-4FED-BC76-23F5F2BCF3BA} = {CC9D8F69-B954-4993-8F6A-7A95CA7B1FF7}
		{986FCD72-213F-4403-AE83-4ABC45825606} = {EF725A9B-FF8D-4939-97F9-45A07E50E6DC}
		{56966867-9B49-46D5-81C1-4FC8D924A5FE} = {EF725A9B-FF8D-4939-97F9-45A07E50E6DC}
	EndGlobalSection
	GlobalSection(ExtensibilityGlobals) = postSolution
		SolutionGuid = {B7FBAEC8-15C9-451F-B268-18FCD54EF440}
	EndGlobalSection
EndGlobal
